// !$*UTF8*$!
{
	archiveVersion = 1;
	classes = {
	};
	objectVersion = 50;
	objects = {

/* Begin PBXBuildFile section */
		1B232ABE211ECDFC000E7AD3 /* HomeFunctionCollectionViewCell.m in Sources */ = {isa = PBXBuildFile; fileRef = 1B232ABC211ECDFC000E7AD3 /* HomeFunctionCollectionViewCell.m */; };
		1B232ABF211ECDFC000E7AD3 /* HomeFunctionCollectionViewCell.xib in Resources */ = {isa = PBXBuildFile; fileRef = 1B232ABD211ECDFC000E7AD3 /* HomeFunctionCollectionViewCell.xib */; };
		1B232AC2211ED10E000E7AD3 /* FunctionModel.m in Sources */ = {isa = PBXBuildFile; fileRef = 1B232AC1211ED10E000E7AD3 /* FunctionModel.m */; };
		1B232AC5211FC1EF000E7AD3 /* DouBanViewController.m in Sources */ = {isa = PBXBuildFile; fileRef = 1B232AC4211FC1EF000E7AD3 /* DouBanViewController.m */; };
		1B232AC9211FC34A000E7AD3 /* DBCollectionViewCell.m in Sources */ = {isa = PBXBuildFile; fileRef = 1B232AC7211FC34A000E7AD3 /* DBCollectionViewCell.m */; };
		1B232ACA211FC34A000E7AD3 /* DBCollectionViewCell.xib in Resources */ = {isa = PBXBuildFile; fileRef = 1B232AC8211FC34A000E7AD3 /* DBCollectionViewCell.xib */; };
		1B232ACD211FCEB8000E7AD3 /* WebViewController.m in Sources */ = {isa = PBXBuildFile; fileRef = 1B232ACC211FCEB8000E7AD3 /* WebViewController.m */; };
		1B232AD0211FD343000E7AD3 /* DouBanDetailViewController.m in Sources */ = {isa = PBXBuildFile; fileRef = 1B232ACF211FD343000E7AD3 /* DouBanDetailViewController.m */; };
		1B232AD4211FD56C000E7AD3 /* DBTrailerCollectionViewCell.m in Sources */ = {isa = PBXBuildFile; fileRef = 1B232AD2211FD56C000E7AD3 /* DBTrailerCollectionViewCell.m */; };
		1B232AD5211FD56C000E7AD3 /* DBTrailerCollectionViewCell.xib in Resources */ = {isa = PBXBuildFile; fileRef = 1B232AD3211FD56C000E7AD3 /* DBTrailerCollectionViewCell.xib */; };
		1B232ADB211FFBD3000E7AD3 /* DBFilmHeaderCollectionReusableView.m in Sources */ = {isa = PBXBuildFile; fileRef = 1B232AD9211FFBD3000E7AD3 /* DBFilmHeaderCollectionReusableView.m */; };
		1B232ADC211FFBD3000E7AD3 /* DBFilmHeaderCollectionReusableView.xib in Resources */ = {isa = PBXBuildFile; fileRef = 1B232ADA211FFBD3000E7AD3 /* DBFilmHeaderCollectionReusableView.xib */; };
		6C070BCB212BECD4005DC7E0 /* NSArray+ImageModel.m in Sources */ = {isa = PBXBuildFile; fileRef = 6C070BCA212BECD4005DC7E0 /* NSArray+ImageModel.m */; };
		6C070BDF212C1CB9005DC7E0 /* NSDictionary+File.m in Sources */ = {isa = PBXBuildFile; fileRef = 6C070BDE212C1CB8005DC7E0 /* NSDictionary+File.m */; };
		6C1EF8D5211D3ED80094B016 /* BoxOfficeTableViewController.m in Sources */ = {isa = PBXBuildFile; fileRef = 6C1EF8D4211D3ED80094B016 /* BoxOfficeTableViewController.m */; };
		6C1EF8DF211D80B20094B016 /* UIViewController+Route.m in Sources */ = {isa = PBXBuildFile; fileRef = 6C1EF8DE211D80B20094B016 /* UIViewController+Route.m */; };
		6C1EF8E2211D852E0094B016 /* NuoMiMovie.m in Sources */ = {isa = PBXBuildFile; fileRef = 6C1EF8E1211D852E0094B016 /* NuoMiMovie.m */; };
		6C1EF8E5211D89320094B016 /* BoxOfficeTableViewCell.m in Sources */ = {isa = PBXBuildFile; fileRef = 6C1EF8E4211D89320094B016 /* BoxOfficeTableViewCell.m */; };
		6C211060211930D00082DDD4 /* MyViewController.m in Sources */ = {isa = PBXBuildFile; fileRef = 6C21105F211930D00082DDD4 /* MyViewController.m */; };
		6C211071211947390082DDD4 /* SearchViewController.m in Sources */ = {isa = PBXBuildFile; fileRef = 6C211070211947390082DDD4 /* SearchViewController.m */; };
		6C211074211952200082DDD4 /* SearchImageModel.m in Sources */ = {isa = PBXBuildFile; fileRef = 6C211073211952200082DDD4 /* SearchImageModel.m */; };
		6C21107821197AB00082DDD4 /* BaseNetApi.m in Sources */ = {isa = PBXBuildFile; fileRef = 6C21107721197AB00082DDD4 /* BaseNetApi.m */; };
		6C2D23422117F9E80018438B /* HomeCollectionViewCell.m in Sources */ = {isa = PBXBuildFile; fileRef = 6C2D233E2117F9E80018438B /* HomeCollectionViewCell.m */; };
		6C2D23432117F9E80018438B /* ImageTableViewCell.m in Sources */ = {isa = PBXBuildFile; fileRef = 6C2D233F2117F9E80018438B /* ImageTableViewCell.m */; };
		6C2D23442117F9E80018438B /* HomeCollectionViewCell.xib in Resources */ = {isa = PBXBuildFile; fileRef = 6C2D23402117F9E80018438B /* HomeCollectionViewCell.xib */; };
		6C2D23492117F9F20018438B /* Image360Model.m in Sources */ = {isa = PBXBuildFile; fileRef = 6C2D23452117F9F20018438B /* Image360Model.m */; };
		6C2D234A2117F9F20018438B /* PhoneImageModel.m in Sources */ = {isa = PBXBuildFile; fileRef = 6C2D23462117F9F20018438B /* PhoneImageModel.m */; };
		6C2D234D2117F9FC0018438B /* ViewController.m in Sources */ = {isa = PBXBuildFile; fileRef = 6C2D234C2117F9FC0018438B /* ViewController.m */; };
		6C2D23512117FBC80018438B /* HomeCollectionReusableView.m in Sources */ = {isa = PBXBuildFile; fileRef = 6C2D234F2117FBC80018438B /* HomeCollectionReusableView.m */; };
		6C2D23522117FBC80018438B /* HomeCollectionReusableView.xib in Resources */ = {isa = PBXBuildFile; fileRef = 6C2D23502117FBC80018438B /* HomeCollectionReusableView.xib */; };
		6C2D2357211803C40018438B /* DDTest.swift in Sources */ = {isa = PBXBuildFile; fileRef = 6C2D2356211803C40018438B /* DDTest.swift */; };
		6C560345212D119700B8F0DF /* UIViewController+HUD.m in Sources */ = {isa = PBXBuildFile; fileRef = 6C560344212D119700B8F0DF /* UIViewController+HUD.m */; };
		6CB2ECA4211464C7000370EF /* AppDelegate.m in Sources */ = {isa = PBXBuildFile; fileRef = 6CB2ECA3211464C7000370EF /* AppDelegate.m */; };
		6CB2ECAA211464C7000370EF /* Main.storyboard in Resources */ = {isa = PBXBuildFile; fileRef = 6CB2ECA8211464C7000370EF /* Main.storyboard */; };
		6CB2ECAC211464C9000370EF /* Assets.xcassets in Resources */ = {isa = PBXBuildFile; fileRef = 6CB2ECAB211464C9000370EF /* Assets.xcassets */; };
		6CB2ECAF211464C9000370EF /* LaunchScreen.storyboard in Resources */ = {isa = PBXBuildFile; fileRef = 6CB2ECAD211464C9000370EF /* LaunchScreen.storyboard */; };
		6CB2ECB2211464C9000370EF /* main.m in Sources */ = {isa = PBXBuildFile; fileRef = 6CB2ECB1211464C9000370EF /* main.m */; };
		6CCCF5F82118258F00ED72D5 /* TopBannerCollectionViewCell.m in Sources */ = {isa = PBXBuildFile; fileRef = 6CCCF5F72118258F00ED72D5 /* TopBannerCollectionViewCell.m */; };
		6CCCF5FB211838EC00ED72D5 /* CategoryViewController.m in Sources */ = {isa = PBXBuildFile; fileRef = 6CCCF5FA211838EC00ED72D5 /* CategoryViewController.m */; };
		6CCCF5FE21183DFE00ED72D5 /* ImageCategory.m in Sources */ = {isa = PBXBuildFile; fileRef = 6CCCF5FD21183DFE00ED72D5 /* ImageCategory.m */; };
		6CCCF68121185BEE00ED72D5 /* CategoryListViewController.m in Sources */ = {isa = PBXBuildFile; fileRef = 6CCCF68021185BEE00ED72D5 /* CategoryListViewController.m */; };
		6CCCF68421185F1C00ED72D5 /* CategoryTableViewCell.m in Sources */ = {isa = PBXBuildFile; fileRef = 6CCCF68321185F1C00ED72D5 /* CategoryTableViewCell.m */; };
		CA039F3CFA8B06FCACD8812F /* Pods_MyPhoto.framework in Frameworks */ = {isa = PBXBuildFile; fileRef = 38BCF533DB48B097CD36823D /* Pods_MyPhoto.framework */; };
/* End PBXBuildFile section */

/* Begin PBXFileReference section */
		1B232ABB211ECDFC000E7AD3 /* HomeFunctionCollectionViewCell.h */ = {isa = PBXFileReference; lastKnownFileType = sourcecode.c.h; path = HomeFunctionCollectionViewCell.h; sourceTree = "<group>"; };
		1B232ABC211ECDFC000E7AD3 /* HomeFunctionCollectionViewCell.m */ = {isa = PBXFileReference; lastKnownFileType = sourcecode.c.objc; path = HomeFunctionCollectionViewCell.m; sourceTree = "<group>"; };
		1B232ABD211ECDFC000E7AD3 /* HomeFunctionCollectionViewCell.xib */ = {isa = PBXFileReference; lastKnownFileType = file.xib; path = HomeFunctionCollectionViewCell.xib; sourceTree = "<group>"; };
		1B232AC0211ED10E000E7AD3 /* FunctionModel.h */ = {isa = PBXFileReference; lastKnownFileType = sourcecode.c.h; path = FunctionModel.h; sourceTree = "<group>"; };
		1B232AC1211ED10E000E7AD3 /* FunctionModel.m */ = {isa = PBXFileReference; lastKnownFileType = sourcecode.c.objc; path = FunctionModel.m; sourceTree = "<group>"; };
		1B232AC3211FC1EF000E7AD3 /* DouBanViewController.h */ = {isa = PBXFileReference; lastKnownFileType = sourcecode.c.h; path = DouBanViewController.h; sourceTree = "<group>"; };
		1B232AC4211FC1EF000E7AD3 /* DouBanViewController.m */ = {isa = PBXFileReference; lastKnownFileType = sourcecode.c.objc; path = DouBanViewController.m; sourceTree = "<group>"; };
		1B232AC6211FC34A000E7AD3 /* DBCollectionViewCell.h */ = {isa = PBXFileReference; lastKnownFileType = sourcecode.c.h; path = DBCollectionViewCell.h; sourceTree = "<group>"; };
		1B232AC7211FC34A000E7AD3 /* DBCollectionViewCell.m */ = {isa = PBXFileReference; lastKnownFileType = sourcecode.c.objc; path = DBCollectionViewCell.m; sourceTree = "<group>"; };
		1B232AC8211FC34A000E7AD3 /* DBCollectionViewCell.xib */ = {isa = PBXFileReference; lastKnownFileType = file.xib; path = DBCollectionViewCell.xib; sourceTree = "<group>"; };
		1B232ACB211FCEB8000E7AD3 /* WebViewController.h */ = {isa = PBXFileReference; lastKnownFileType = sourcecode.c.h; path = WebViewController.h; sourceTree = "<group>"; };
		1B232ACC211FCEB8000E7AD3 /* WebViewController.m */ = {isa = PBXFileReference; lastKnownFileType = sourcecode.c.objc; path = WebViewController.m; sourceTree = "<group>"; };
		1B232ACE211FD343000E7AD3 /* DouBanDetailViewController.h */ = {isa = PBXFileReference; lastKnownFileType = sourcecode.c.h; path = DouBanDetailViewController.h; sourceTree = "<group>"; };
		1B232ACF211FD343000E7AD3 /* DouBanDetailViewController.m */ = {isa = PBXFileReference; lastKnownFileType = sourcecode.c.objc; path = DouBanDetailViewController.m; sourceTree = "<group>"; };
		1B232AD1211FD56C000E7AD3 /* DBTrailerCollectionViewCell.h */ = {isa = PBXFileReference; lastKnownFileType = sourcecode.c.h; path = DBTrailerCollectionViewCell.h; sourceTree = "<group>"; };
		1B232AD2211FD56C000E7AD3 /* DBTrailerCollectionViewCell.m */ = {isa = PBXFileReference; lastKnownFileType = sourcecode.c.objc; path = DBTrailerCollectionViewCell.m; sourceTree = "<group>"; };
		1B232AD3211FD56C000E7AD3 /* DBTrailerCollectionViewCell.xib */ = {isa = PBXFileReference; lastKnownFileType = file.xib; path = DBTrailerCollectionViewCell.xib; sourceTree = "<group>"; };
		1B232AD8211FFBD3000E7AD3 /* DBFilmHeaderCollectionReusableView.h */ = {isa = PBXFileReference; lastKnownFileType = sourcecode.c.h; path = DBFilmHeaderCollectionReusableView.h; sourceTree = "<group>"; };
		1B232AD9211FFBD3000E7AD3 /* DBFilmHeaderCollectionReusableView.m */ = {isa = PBXFileReference; lastKnownFileType = sourcecode.c.objc; path = DBFilmHeaderCollectionReusableView.m; sourceTree = "<group>"; };
		1B232ADA211FFBD3000E7AD3 /* DBFilmHeaderCollectionReusableView.xib */ = {isa = PBXFileReference; lastKnownFileType = file.xib; path = DBFilmHeaderCollectionReusableView.xib; sourceTree = "<group>"; };
		38BCF533DB48B097CD36823D /* Pods_MyPhoto.framework */ = {isa = PBXFileReference; explicitFileType = wrapper.framework; includeInIndex = 0; path = Pods_MyPhoto.framework; sourceTree = BUILT_PRODUCTS_DIR; };
		6C070BC9212BECD4005DC7E0 /* NSArray+ImageModel.h */ = {isa = PBXFileReference; lastKnownFileType = sourcecode.c.h; path = "NSArray+ImageModel.h"; sourceTree = "<group>"; };
		6C070BCA212BECD4005DC7E0 /* NSArray+ImageModel.m */ = {isa = PBXFileReference; lastKnownFileType = sourcecode.c.objc; path = "NSArray+ImageModel.m"; sourceTree = "<group>"; };
		6C070BDD212C1CB8005DC7E0 /* NSDictionary+File.h */ = {isa = PBXFileReference; lastKnownFileType = sourcecode.c.h; path = "NSDictionary+File.h"; sourceTree = "<group>"; };
		6C070BDE212C1CB8005DC7E0 /* NSDictionary+File.m */ = {isa = PBXFileReference; lastKnownFileType = sourcecode.c.objc; path = "NSDictionary+File.m"; sourceTree = "<group>"; };
		6C1EF8D3211D3ED80094B016 /* BoxOfficeTableViewController.h */ = {isa = PBXFileReference; lastKnownFileType = sourcecode.c.h; path = BoxOfficeTableViewController.h; sourceTree = "<group>"; };
		6C1EF8D4211D3ED80094B016 /* BoxOfficeTableViewController.m */ = {isa = PBXFileReference; lastKnownFileType = sourcecode.c.objc; path = BoxOfficeTableViewController.m; sourceTree = "<group>"; };
		6C1EF8DD211D80B20094B016 /* UIViewController+Route.h */ = {isa = PBXFileReference; lastKnownFileType = sourcecode.c.h; path = "UIViewController+Route.h"; sourceTree = "<group>"; };
		6C1EF8DE211D80B20094B016 /* UIViewController+Route.m */ = {isa = PBXFileReference; lastKnownFileType = sourcecode.c.objc; path = "UIViewController+Route.m"; sourceTree = "<group>"; };
		6C1EF8E0211D852E0094B016 /* NuoMiMovie.h */ = {isa = PBXFileReference; lastKnownFileType = sourcecode.c.h; path = NuoMiMovie.h; sourceTree = "<group>"; };
		6C1EF8E1211D852E0094B016 /* NuoMiMovie.m */ = {isa = PBXFileReference; lastKnownFileType = sourcecode.c.objc; path = NuoMiMovie.m; sourceTree = "<group>"; };
		6C1EF8E3211D89320094B016 /* BoxOfficeTableViewCell.h */ = {isa = PBXFileReference; lastKnownFileType = sourcecode.c.h; path = BoxOfficeTableViewCell.h; sourceTree = "<group>"; };
		6C1EF8E4211D89320094B016 /* BoxOfficeTableViewCell.m */ = {isa = PBXFileReference; lastKnownFileType = sourcecode.c.objc; path = BoxOfficeTableViewCell.m; sourceTree = "<group>"; };
		6C21105E211930D00082DDD4 /* MyViewController.h */ = {isa = PBXFileReference; lastKnownFileType = sourcecode.c.h; path = MyViewController.h; sourceTree = "<group>"; };
		6C21105F211930D00082DDD4 /* MyViewController.m */ = {isa = PBXFileReference; lastKnownFileType = sourcecode.c.objc; path = MyViewController.m; sourceTree = "<group>"; };
		6C21106F211947390082DDD4 /* SearchViewController.h */ = {isa = PBXFileReference; lastKnownFileType = sourcecode.c.h; path = SearchViewController.h; sourceTree = "<group>"; };
		6C211070211947390082DDD4 /* SearchViewController.m */ = {isa = PBXFileReference; lastKnownFileType = sourcecode.c.objc; path = SearchViewController.m; sourceTree = "<group>"; };
		6C211072211952200082DDD4 /* SearchImageModel.h */ = {isa = PBXFileReference; lastKnownFileType = sourcecode.c.h; path = SearchImageModel.h; sourceTree = "<group>"; };
		6C211073211952200082DDD4 /* SearchImageModel.m */ = {isa = PBXFileReference; lastKnownFileType = sourcecode.c.objc; path = SearchImageModel.m; sourceTree = "<group>"; };
		6C21107621197AB00082DDD4 /* BaseNetApi.h */ = {isa = PBXFileReference; lastKnownFileType = sourcecode.c.h; path = BaseNetApi.h; sourceTree = "<group>"; };
		6C21107721197AB00082DDD4 /* BaseNetApi.m */ = {isa = PBXFileReference; lastKnownFileType = sourcecode.c.objc; path = BaseNetApi.m; sourceTree = "<group>"; };
		6C2D23392117F6B50018438B /* PrefixHeader.pch */ = {isa = PBXFileReference; lastKnownFileType = sourcecode.c.h; path = PrefixHeader.pch; sourceTree = "<group>"; };
		6C2D233D2117F9E80018438B /* HomeCollectionViewCell.h */ = {isa = PBXFileReference; fileEncoding = 4; lastKnownFileType = sourcecode.c.h; path = HomeCollectionViewCell.h; sourceTree = "<group>"; };
		6C2D233E2117F9E80018438B /* HomeCollectionViewCell.m */ = {isa = PBXFileReference; fileEncoding = 4; lastKnownFileType = sourcecode.c.objc; path = HomeCollectionViewCell.m; sourceTree = "<group>"; };
		6C2D233F2117F9E80018438B /* ImageTableViewCell.m */ = {isa = PBXFileReference; fileEncoding = 4; lastKnownFileType = sourcecode.c.objc; path = ImageTableViewCell.m; sourceTree = "<group>"; };
		6C2D23402117F9E80018438B /* HomeCollectionViewCell.xib */ = {isa = PBXFileReference; fileEncoding = 4; lastKnownFileType = file.xib; path = HomeCollectionViewCell.xib; sourceTree = "<group>"; };
		6C2D23412117F9E80018438B /* ImageTableViewCell.h */ = {isa = PBXFileReference; fileEncoding = 4; lastKnownFileType = sourcecode.c.h; path = ImageTableViewCell.h; sourceTree = "<group>"; };
		6C2D23452117F9F20018438B /* Image360Model.m */ = {isa = PBXFileReference; fileEncoding = 4; lastKnownFileType = sourcecode.c.objc; path = Image360Model.m; sourceTree = "<group>"; };
		6C2D23462117F9F20018438B /* PhoneImageModel.m */ = {isa = PBXFileReference; fileEncoding = 4; lastKnownFileType = sourcecode.c.objc; path = PhoneImageModel.m; sourceTree = "<group>"; };
		6C2D23472117F9F20018438B /* Image360Model.h */ = {isa = PBXFileReference; fileEncoding = 4; lastKnownFileType = sourcecode.c.h; path = Image360Model.h; sourceTree = "<group>"; };
		6C2D23482117F9F20018438B /* PhoneImageModel.h */ = {isa = PBXFileReference; fileEncoding = 4; lastKnownFileType = sourcecode.c.h; path = PhoneImageModel.h; sourceTree = "<group>"; };
		6C2D234B2117F9FC0018438B /* ViewController.h */ = {isa = PBXFileReference; fileEncoding = 4; lastKnownFileType = sourcecode.c.h; path = ViewController.h; sourceTree = "<group>"; };
		6C2D234C2117F9FC0018438B /* ViewController.m */ = {isa = PBXFileReference; fileEncoding = 4; lastKnownFileType = sourcecode.c.objc; path = ViewController.m; sourceTree = "<group>"; };
		6C2D234E2117FBC80018438B /* HomeCollectionReusableView.h */ = {isa = PBXFileReference; lastKnownFileType = sourcecode.c.h; path = HomeCollectionReusableView.h; sourceTree = "<group>"; };
		6C2D234F2117FBC80018438B /* HomeCollectionReusableView.m */ = {isa = PBXFileReference; lastKnownFileType = sourcecode.c.objc; path = HomeCollectionReusableView.m; sourceTree = "<group>"; };
		6C2D23502117FBC80018438B /* HomeCollectionReusableView.xib */ = {isa = PBXFileReference; lastKnownFileType = file.xib; path = HomeCollectionReusableView.xib; sourceTree = "<group>"; };
		6C2D2353211800840018438B /* MyPhoto-Bridging-Header.h */ = {isa = PBXFileReference; lastKnownFileType = sourcecode.c.h; path = "MyPhoto-Bridging-Header.h"; sourceTree = "<group>"; };
		6C2D2356211803C40018438B /* DDTest.swift */ = {isa = PBXFileReference; lastKnownFileType = sourcecode.swift; path = DDTest.swift; sourceTree = "<group>"; };
		6C560343212D119700B8F0DF /* UIViewController+HUD.h */ = {isa = PBXFileReference; lastKnownFileType = sourcecode.c.h; path = "UIViewController+HUD.h"; sourceTree = "<group>"; };
		6C560344212D119700B8F0DF /* UIViewController+HUD.m */ = {isa = PBXFileReference; lastKnownFileType = sourcecode.c.objc; path = "UIViewController+HUD.m"; sourceTree = "<group>"; };
		6CB2EC9F211464C7000370EF /* MyPhoto.app */ = {isa = PBXFileReference; explicitFileType = wrapper.application; includeInIndex = 0; path = MyPhoto.app; sourceTree = BUILT_PRODUCTS_DIR; };
		6CB2ECA2211464C7000370EF /* AppDelegate.h */ = {isa = PBXFileReference; lastKnownFileType = sourcecode.c.h; path = AppDelegate.h; sourceTree = "<group>"; };
		6CB2ECA3211464C7000370EF /* AppDelegate.m */ = {isa = PBXFileReference; lastKnownFileType = sourcecode.c.objc; path = AppDelegate.m; sourceTree = "<group>"; };
		6CB2ECA9211464C7000370EF /* Base */ = {isa = PBXFileReference; lastKnownFileType = file.storyboard; name = Base; path = Base.lproj/Main.storyboard; sourceTree = "<group>"; };
		6CB2ECAB211464C9000370EF /* Assets.xcassets */ = {isa = PBXFileReference; lastKnownFileType = folder.assetcatalog; path = Assets.xcassets; sourceTree = "<group>"; };
		6CB2ECAE211464C9000370EF /* Base */ = {isa = PBXFileReference; lastKnownFileType = file.storyboard; name = Base; path = Base.lproj/LaunchScreen.storyboard; sourceTree = "<group>"; };
		6CB2ECB0211464C9000370EF /* Info.plist */ = {isa = PBXFileReference; lastKnownFileType = text.plist.xml; path = Info.plist; sourceTree = "<group>"; };
		6CB2ECB1211464C9000370EF /* main.m */ = {isa = PBXFileReference; lastKnownFileType = sourcecode.c.objc; path = main.m; sourceTree = "<group>"; };
		6CCCF5F62118258F00ED72D5 /* TopBannerCollectionViewCell.h */ = {isa = PBXFileReference; lastKnownFileType = sourcecode.c.h; path = TopBannerCollectionViewCell.h; sourceTree = "<group>"; };
		6CCCF5F72118258F00ED72D5 /* TopBannerCollectionViewCell.m */ = {isa = PBXFileReference; lastKnownFileType = sourcecode.c.objc; path = TopBannerCollectionViewCell.m; sourceTree = "<group>"; };
		6CCCF5F9211838EC00ED72D5 /* CategoryViewController.h */ = {isa = PBXFileReference; lastKnownFileType = sourcecode.c.h; path = CategoryViewController.h; sourceTree = "<group>"; };
		6CCCF5FA211838EC00ED72D5 /* CategoryViewController.m */ = {isa = PBXFileReference; lastKnownFileType = sourcecode.c.objc; path = CategoryViewController.m; sourceTree = "<group>"; };
		6CCCF5FC21183DFE00ED72D5 /* ImageCategory.h */ = {isa = PBXFileReference; lastKnownFileType = sourcecode.c.h; path = ImageCategory.h; sourceTree = "<group>"; };
		6CCCF5FD21183DFE00ED72D5 /* ImageCategory.m */ = {isa = PBXFileReference; lastKnownFileType = sourcecode.c.objc; path = ImageCategory.m; sourceTree = "<group>"; };
		6CCCF67F21185BEE00ED72D5 /* CategoryListViewController.h */ = {isa = PBXFileReference; lastKnownFileType = sourcecode.c.h; path = CategoryListViewController.h; sourceTree = "<group>"; };
		6CCCF68021185BEE00ED72D5 /* CategoryListViewController.m */ = {isa = PBXFileReference; lastKnownFileType = sourcecode.c.objc; path = CategoryListViewController.m; sourceTree = "<group>"; };
		6CCCF68221185F1C00ED72D5 /* CategoryTableViewCell.h */ = {isa = PBXFileReference; lastKnownFileType = sourcecode.c.h; path = CategoryTableViewCell.h; sourceTree = "<group>"; };
		6CCCF68321185F1C00ED72D5 /* CategoryTableViewCell.m */ = {isa = PBXFileReference; lastKnownFileType = sourcecode.c.objc; path = CategoryTableViewCell.m; sourceTree = "<group>"; };
		D8E24FAC404B76DA512BE856 /* Pods-MyPhoto.debug.xcconfig */ = {isa = PBXFileReference; includeInIndex = 1; lastKnownFileType = text.xcconfig; name = "Pods-MyPhoto.debug.xcconfig"; path = "Pods/Target Support Files/Pods-MyPhoto/Pods-MyPhoto.debug.xcconfig"; sourceTree = "<group>"; };
		EE8C3D247DCAB3AC3399A76B /* Pods-MyPhoto.release.xcconfig */ = {isa = PBXFileReference; includeInIndex = 1; lastKnownFileType = text.xcconfig; name = "Pods-MyPhoto.release.xcconfig"; path = "Pods/Target Support Files/Pods-MyPhoto/Pods-MyPhoto.release.xcconfig"; sourceTree = "<group>"; };
/* End PBXFileReference section */

/* Begin PBXFrameworksBuildPhase section */
		6CB2EC9C211464C7000370EF /* Frameworks */ = {
			isa = PBXFrameworksBuildPhase;
			buildActionMask = 2147483647;
			files = (
				CA039F3CFA8B06FCACD8812F /* Pods_MyPhoto.framework in Frameworks */,
			);
			runOnlyForDeploymentPostprocessing = 0;
		};
/* End PBXFrameworksBuildPhase section */

/* Begin PBXGroup section */
		6C1EF8D6211D72620094B016 /* Toos */ = {
			isa = PBXGroup;
			children = (
				6C1EF8D9211D73DF0094B016 /* Category */,
			);
			path = Toos;
			sourceTree = "<group>";
		};
		6C1EF8D9211D73DF0094B016 /* Category */ = {
			isa = PBXGroup;
			children = (
				6C1EF8DD211D80B20094B016 /* UIViewController+Route.h */,
				6C1EF8DE211D80B20094B016 /* UIViewController+Route.m */,
				6C070BC9212BECD4005DC7E0 /* NSArray+ImageModel.h */,
				6C070BCA212BECD4005DC7E0 /* NSArray+ImageModel.m */,
				6C070BDD212C1CB8005DC7E0 /* NSDictionary+File.h */,
				6C070BDE212C1CB8005DC7E0 /* NSDictionary+File.m */,
				6C560343212D119700B8F0DF /* UIViewController+HUD.h */,
				6C560344212D119700B8F0DF /* UIViewController+HUD.m */,
			);
			path = Category;
			sourceTree = "<group>";
		};
		6C21107521197A910082DDD4 /* NetWork */ = {
			isa = PBXGroup;
			children = (
				6C21107621197AB00082DDD4 /* BaseNetApi.h */,
				6C21107721197AB00082DDD4 /* BaseNetApi.m */,
			);
			path = NetWork;
			sourceTree = "<group>";
		};
		6C2D233A2117F9A90018438B /* Models */ = {
			isa = PBXGroup;
			children = (
				6C2D23472117F9F20018438B /* Image360Model.h */,
				6C2D23452117F9F20018438B /* Image360Model.m */,
				6C2D23482117F9F20018438B /* PhoneImageModel.h */,
				6C2D23462117F9F20018438B /* PhoneImageModel.m */,
				6C2D2356211803C40018438B /* DDTest.swift */,
				6CCCF5FC21183DFE00ED72D5 /* ImageCategory.h */,
				6CCCF5FD21183DFE00ED72D5 /* ImageCategory.m */,
				6C211072211952200082DDD4 /* SearchImageModel.h */,
				6C211073211952200082DDD4 /* SearchImageModel.m */,
				6C1EF8E0211D852E0094B016 /* NuoMiMovie.h */,
				6C1EF8E1211D852E0094B016 /* NuoMiMovie.m */,
				1B232AC0211ED10E000E7AD3 /* FunctionModel.h */,
				1B232AC1211ED10E000E7AD3 /* FunctionModel.m */,
			);
			path = Models;
			sourceTree = "<group>";
		};
		6C2D233B2117F9A90018438B /* Views */ = {
			isa = PBXGroup;
			children = (
				6C2D233D2117F9E80018438B /* HomeCollectionViewCell.h */,
				6C2D233E2117F9E80018438B /* HomeCollectionViewCell.m */,
				6C2D23402117F9E80018438B /* HomeCollectionViewCell.xib */,
				6C2D23412117F9E80018438B /* ImageTableViewCell.h */,
				6C2D233F2117F9E80018438B /* ImageTableViewCell.m */,
				6C2D234E2117FBC80018438B /* HomeCollectionReusableView.h */,
				6C2D234F2117FBC80018438B /* HomeCollectionReusableView.m */,
				6C2D23502117FBC80018438B /* HomeCollectionReusableView.xib */,
				6C2D2353211800840018438B /* MyPhoto-Bridging-Header.h */,
				6CCCF5F62118258F00ED72D5 /* TopBannerCollectionViewCell.h */,
				6CCCF5F72118258F00ED72D5 /* TopBannerCollectionViewCell.m */,
				6CCCF68221185F1C00ED72D5 /* CategoryTableViewCell.h */,
				6CCCF68321185F1C00ED72D5 /* CategoryTableViewCell.m */,
				6C1EF8E3211D89320094B016 /* BoxOfficeTableViewCell.h */,
				6C1EF8E4211D89320094B016 /* BoxOfficeTableViewCell.m */,
				1B232ABB211ECDFC000E7AD3 /* HomeFunctionCollectionViewCell.h */,
				1B232ABC211ECDFC000E7AD3 /* HomeFunctionCollectionViewCell.m */,
				1B232ABD211ECDFC000E7AD3 /* HomeFunctionCollectionViewCell.xib */,
				1B232AC6211FC34A000E7AD3 /* DBCollectionViewCell.h */,
				1B232AC7211FC34A000E7AD3 /* DBCollectionViewCell.m */,
				1B232AC8211FC34A000E7AD3 /* DBCollectionViewCell.xib */,
				1B232AD1211FD56C000E7AD3 /* DBTrailerCollectionViewCell.h */,
				1B232AD2211FD56C000E7AD3 /* DBTrailerCollectionViewCell.m */,
				1B232AD3211FD56C000E7AD3 /* DBTrailerCollectionViewCell.xib */,
				1B232AD8211FFBD3000E7AD3 /* DBFilmHeaderCollectionReusableView.h */,
				1B232AD9211FFBD3000E7AD3 /* DBFilmHeaderCollectionReusableView.m */,
				1B232ADA211FFBD3000E7AD3 /* DBFilmHeaderCollectionReusableView.xib */,
			);
			path = Views;
			sourceTree = "<group>";
		};
		6C2D233C2117F9A90018438B /* Controllers */ = {
			isa = PBXGroup;
			children = (
				6C2D234B2117F9FC0018438B /* ViewController.h */,
				6C2D234C2117F9FC0018438B /* ViewController.m */,
				6CCCF5F9211838EC00ED72D5 /* CategoryViewController.h */,
				6CCCF5FA211838EC00ED72D5 /* CategoryViewController.m */,
				6CCCF67F21185BEE00ED72D5 /* CategoryListViewController.h */,
				6CCCF68021185BEE00ED72D5 /* CategoryListViewController.m */,
				6C21105E211930D00082DDD4 /* MyViewController.h */,
				6C21105F211930D00082DDD4 /* MyViewController.m */,
				6C21106F211947390082DDD4 /* SearchViewController.h */,
				6C211070211947390082DDD4 /* SearchViewController.m */,
				6C1EF8D3211D3ED80094B016 /* BoxOfficeTableViewController.h */,
				6C1EF8D4211D3ED80094B016 /* BoxOfficeTableViewController.m */,
				1B232AC3211FC1EF000E7AD3 /* DouBanViewController.h */,
				1B232AC4211FC1EF000E7AD3 /* DouBanViewController.m */,
				1B232ACB211FCEB8000E7AD3 /* WebViewController.h */,
				1B232ACC211FCEB8000E7AD3 /* WebViewController.m */,
				1B232ACE211FD343000E7AD3 /* DouBanDetailViewController.h */,
				1B232ACF211FD343000E7AD3 /* DouBanDetailViewController.m */,
			);
			path = Controllers;
			sourceTree = "<group>";
		};
		6CB2EC96211464C7000370EF = {
			isa = PBXGroup;
			children = (
				6CB2ECA1211464C7000370EF /* MyPhoto */,
				6CB2ECA0211464C7000370EF /* Products */,
				C559993024A20B4E28AD233E /* Pods */,
				74BDA6F2A886A5471983167F /* Frameworks */,
			);
			sourceTree = "<group>";
		};
		6CB2ECA0211464C7000370EF /* Products */ = {
			isa = PBXGroup;
			children = (
				6CB2EC9F211464C7000370EF /* MyPhoto.app */,
			);
			name = Products;
			sourceTree = "<group>";
		};
		6CB2ECA1211464C7000370EF /* MyPhoto */ = {
			isa = PBXGroup;
			children = (
				6C1EF8D6211D72620094B016 /* Toos */,
				6C21107521197A910082DDD4 /* NetWork */,
				6C2D233C2117F9A90018438B /* Controllers */,
				6C2D233A2117F9A90018438B /* Models */,
				6C2D233B2117F9A90018438B /* Views */,
				6CB2ECA2211464C7000370EF /* AppDelegate.h */,
				6CB2ECA3211464C7000370EF /* AppDelegate.m */,
				6CB2ECA8211464C7000370EF /* Main.storyboard */,
				6CB2ECAB211464C9000370EF /* Assets.xcassets */,
				6CB2ECAD211464C9000370EF /* LaunchScreen.storyboard */,
				6CB2ECB0211464C9000370EF /* Info.plist */,
				6CB2ECB1211464C9000370EF /* main.m */,
				6C2D23392117F6B50018438B /* PrefixHeader.pch */,
			);
			path = MyPhoto;
			sourceTree = "<group>";
		};
		74BDA6F2A886A5471983167F /* Frameworks */ = {
			isa = PBXGroup;
			children = (
				38BCF533DB48B097CD36823D /* Pods_MyPhoto.framework */,
			);
			name = Frameworks;
			sourceTree = "<group>";
		};
		C559993024A20B4E28AD233E /* Pods */ = {
			isa = PBXGroup;
			children = (
				D8E24FAC404B76DA512BE856 /* Pods-MyPhoto.debug.xcconfig */,
				EE8C3D247DCAB3AC3399A76B /* Pods-MyPhoto.release.xcconfig */,
			);
			name = Pods;
			sourceTree = "<group>";
		};
/* End PBXGroup section */

/* Begin PBXNativeTarget section */
		6CB2EC9E211464C7000370EF /* MyPhoto */ = {
			isa = PBXNativeTarget;
			buildConfigurationList = 6CB2ECB5211464C9000370EF /* Build configuration list for PBXNativeTarget "MyPhoto" */;
			buildPhases = (
				6242DA080B6C553E9324A731 /* [CP] Check Pods Manifest.lock */,
				6CB2EC9B211464C7000370EF /* Sources */,
				6CB2EC9C211464C7000370EF /* Frameworks */,
				6CB2EC9D211464C7000370EF /* Resources */,
				2DEBF3D193A57A2148829A4E /* [CP] Embed Pods Frameworks */,
			);
			buildRules = (
			);
			dependencies = (
			);
			name = MyPhoto;
			productName = MyPhoto;
			productReference = 6CB2EC9F211464C7000370EF /* MyPhoto.app */;
			productType = "com.apple.product-type.application";
		};
/* End PBXNativeTarget section */

/* Begin PBXProject section */
		6CB2EC97211464C7000370EF /* Project object */ = {
			isa = PBXProject;
			attributes = {
				LastUpgradeCheck = 0940;
				ORGANIZATIONNAME = com.pintec;
				TargetAttributes = {
					6CB2EC9E211464C7000370EF = {
						CreatedOnToolsVersion = 9.4.1;
						LastSwiftMigration = 0940;
					};
				};
			};
			buildConfigurationList = 6CB2EC9A211464C7000370EF /* Build configuration list for PBXProject "MyPhoto" */;
			compatibilityVersion = "Xcode 9.3";
			developmentRegion = en;
			hasScannedForEncodings = 0;
			knownRegions = (
				en,
				Base,
			);
			mainGroup = 6CB2EC96211464C7000370EF;
			productRefGroup = 6CB2ECA0211464C7000370EF /* Products */;
			projectDirPath = "";
			projectRoot = "";
			targets = (
				6CB2EC9E211464C7000370EF /* MyPhoto */,
			);
		};
/* End PBXProject section */

/* Begin PBXResourcesBuildPhase section */
		6CB2EC9D211464C7000370EF /* Resources */ = {
			isa = PBXResourcesBuildPhase;
			buildActionMask = 2147483647;
			files = (
				1B232ADC211FFBD3000E7AD3 /* DBFilmHeaderCollectionReusableView.xib in Resources */,
				1B232AD5211FD56C000E7AD3 /* DBTrailerCollectionViewCell.xib in Resources */,
				6CB2ECAF211464C9000370EF /* LaunchScreen.storyboard in Resources */,
				6CB2ECAC211464C9000370EF /* Assets.xcassets in Resources */,
				1B232ACA211FC34A000E7AD3 /* DBCollectionViewCell.xib in Resources */,
				6CB2ECAA211464C7000370EF /* Main.storyboard in Resources */,
				6C2D23522117FBC80018438B /* HomeCollectionReusableView.xib in Resources */,
				6C2D23442117F9E80018438B /* HomeCollectionViewCell.xib in Resources */,
				1B232ABF211ECDFC000E7AD3 /* HomeFunctionCollectionViewCell.xib in Resources */,
			);
			runOnlyForDeploymentPostprocessing = 0;
		};
/* End PBXResourcesBuildPhase section */

/* Begin PBXShellScriptBuildPhase section */
		2DEBF3D193A57A2148829A4E /* [CP] Embed Pods Frameworks */ = {
			isa = PBXShellScriptBuildPhase;
			buildActionMask = 2147483647;
			files = (
			);
			inputPaths = (
				"${SRCROOT}/Pods/Target Support Files/Pods-MyPhoto/Pods-MyPhoto-frameworks.sh",
				"${BUILT_PRODUCTS_DIR}/AFNetworking/AFNetworking.framework",
				"${BUILT_PRODUCTS_DIR}/FSPagerView/FSPagerView.framework",
				"${BUILT_PRODUCTS_DIR}/HUPhotoBrowser/HUPhotoBrowser.framework",
				"${BUILT_PRODUCTS_DIR}/MBProgressHUD/MBProgressHUD.framework",
				"${BUILT_PRODUCTS_DIR}/MJExtension/MJExtension.framework",
				"${BUILT_PRODUCTS_DIR}/MJRefresh/MJRefresh.framework",
				"${BUILT_PRODUCTS_DIR}/SDWebImage/SDWebImage.framework",
				"${BUILT_PRODUCTS_DIR}/SVProgressHUD/SVProgressHUD.framework",
			);
			name = "[CP] Embed Pods Frameworks";
			outputPaths = (
				"${TARGET_BUILD_DIR}/${FRAMEWORKS_FOLDER_PATH}/AFNetworking.framework",
				"${TARGET_BUILD_DIR}/${FRAMEWORKS_FOLDER_PATH}/FSPagerView.framework",
				"${TARGET_BUILD_DIR}/${FRAMEWORKS_FOLDER_PATH}/HUPhotoBrowser.framework",
				"${TARGET_BUILD_DIR}/${FRAMEWORKS_FOLDER_PATH}/MBProgressHUD.framework",
				"${TARGET_BUILD_DIR}/${FRAMEWORKS_FOLDER_PATH}/MJExtension.framework",
				"${TARGET_BUILD_DIR}/${FRAMEWORKS_FOLDER_PATH}/MJRefresh.framework",
				"${TARGET_BUILD_DIR}/${FRAMEWORKS_FOLDER_PATH}/SDWebImage.framework",
				"${TARGET_BUILD_DIR}/${FRAMEWORKS_FOLDER_PATH}/SVProgressHUD.framework",
			);
			runOnlyForDeploymentPostprocessing = 0;
			shellPath = /bin/sh;
			shellScript = "\"${SRCROOT}/Pods/Target Support Files/Pods-MyPhoto/Pods-MyPhoto-frameworks.sh\"\n";
			showEnvVarsInLog = 0;
		};
		6242DA080B6C553E9324A731 /* [CP] Check Pods Manifest.lock */ = {
			isa = PBXShellScriptBuildPhase;
			buildActionMask = 2147483647;
			files = (
			);
			inputPaths = (
				"${PODS_PODFILE_DIR_PATH}/Podfile.lock",
				"${PODS_ROOT}/Manifest.lock",
			);
			name = "[CP] Check Pods Manifest.lock";
			outputPaths = (
				"$(DERIVED_FILE_DIR)/Pods-MyPhoto-checkManifestLockResult.txt",
			);
			runOnlyForDeploymentPostprocessing = 0;
			shellPath = /bin/sh;
			shellScript = "diff \"${PODS_PODFILE_DIR_PATH}/Podfile.lock\" \"${PODS_ROOT}/Manifest.lock\" > /dev/null\nif [ $? != 0 ] ; then\n    # print error to STDERR\n    echo \"error: The sandbox is not in sync with the Podfile.lock. Run 'pod install' or update your CocoaPods installation.\" >&2\n    exit 1\nfi\n# This output is used by Xcode 'outputs' to avoid re-running this script phase.\necho \"SUCCESS\" > \"${SCRIPT_OUTPUT_FILE_0}\"\n";
			showEnvVarsInLog = 0;
		};
/* End PBXShellScriptBuildPhase section */

/* Begin PBXSourcesBuildPhase section */
		6CB2EC9B211464C7000370EF /* Sources */ = {
			isa = PBXSourcesBuildPhase;
			buildActionMask = 2147483647;
			files = (
				6CCCF5F82118258F00ED72D5 /* TopBannerCollectionViewCell.m in Sources */,
				6C2D234D2117F9FC0018438B /* ViewController.m in Sources */,
				1B232AD0211FD343000E7AD3 /* DouBanDetailViewController.m in Sources */,
				1B232AC9211FC34A000E7AD3 /* DBCollectionViewCell.m in Sources */,
				1B232ABE211ECDFC000E7AD3 /* HomeFunctionCollectionViewCell.m in Sources */,
				6CB2ECB2211464C9000370EF /* main.m in Sources */,
				6C560345212D119700B8F0DF /* UIViewController+HUD.m in Sources */,
				6CCCF68421185F1C00ED72D5 /* CategoryTableViewCell.m in Sources */,
				6C1EF8E2211D852E0094B016 /* NuoMiMovie.m in Sources */,
				6C1EF8E5211D89320094B016 /* BoxOfficeTableViewCell.m in Sources */,
				6C211074211952200082DDD4 /* SearchImageModel.m in Sources */,
				6CCCF5FB211838EC00ED72D5 /* CategoryViewController.m in Sources */,
				6C070BDF212C1CB9005DC7E0 /* NSDictionary+File.m in Sources */,
				6C070BCB212BECD4005DC7E0 /* NSArray+ImageModel.m in Sources */,
				1B232AC2211ED10E000E7AD3 /* FunctionModel.m in Sources */,
				6C2D23512117FBC80018438B /* HomeCollectionReusableView.m in Sources */,
				1B232AD4211FD56C000E7AD3 /* DBTrailerCollectionViewCell.m in Sources */,
				6C21107821197AB00082DDD4 /* BaseNetApi.m in Sources */,
				6C211071211947390082DDD4 /* SearchViewController.m in Sources */,
				6C2D23432117F9E80018438B /* ImageTableViewCell.m in Sources */,
				6CB2ECA4211464C7000370EF /* AppDelegate.m in Sources */,
				6C2D2357211803C40018438B /* DDTest.swift in Sources */,
				6C211060211930D00082DDD4 /* MyViewController.m in Sources */,
				6CCCF68121185BEE00ED72D5 /* CategoryListViewController.m in Sources */,
				1B232AC5211FC1EF000E7AD3 /* DouBanViewController.m in Sources */,
				6C2D23422117F9E80018438B /* HomeCollectionViewCell.m in Sources */,
				6C2D234A2117F9F20018438B /* PhoneImageModel.m in Sources */,
				1B232ACD211FCEB8000E7AD3 /* WebViewController.m in Sources */,
				6C2D23492117F9F20018438B /* Image360Model.m in Sources */,
				6C1EF8D5211D3ED80094B016 /* BoxOfficeTableViewController.m in Sources */,
				6CCCF5FE21183DFE00ED72D5 /* ImageCategory.m in Sources */,
				1B232ADB211FFBD3000E7AD3 /* DBFilmHeaderCollectionReusableView.m in Sources */,
				6C1EF8DF211D80B20094B016 /* UIViewController+Route.m in Sources */,
			);
			runOnlyForDeploymentPostprocessing = 0;
		};
/* End PBXSourcesBuildPhase section */

/* Begin PBXVariantGroup section */
		6CB2ECA8211464C7000370EF /* Main.storyboard */ = {
			isa = PBXVariantGroup;
			children = (
				6CB2ECA9211464C7000370EF /* Base */,
			);
			name = Main.storyboard;
			sourceTree = "<group>";
		};
		6CB2ECAD211464C9000370EF /* LaunchScreen.storyboard */ = {
			isa = PBXVariantGroup;
			children = (
				6CB2ECAE211464C9000370EF /* Base */,
			);
			name = LaunchScreen.storyboard;
			sourceTree = "<group>";
		};
/* End PBXVariantGroup section */

/* Begin XCBuildConfiguration section */
		6CB2ECB3211464C9000370EF /* Debug */ = {
			isa = XCBuildConfiguration;
			buildSettings = {
				ALWAYS_SEARCH_USER_PATHS = NO;
				CLANG_ANALYZER_NONNULL = YES;
				CLANG_ANALYZER_NUMBER_OBJECT_CONVERSION = YES_AGGRESSIVE;
				CLANG_CXX_LANGUAGE_STANDARD = "gnu++14";
				CLANG_CXX_LIBRARY = "libc++";
				CLANG_ENABLE_MODULES = YES;
				CLANG_ENABLE_OBJC_ARC = YES;
				CLANG_ENABLE_OBJC_WEAK = YES;
				CLANG_WARN_BLOCK_CAPTURE_AUTORELEASING = YES;
				CLANG_WARN_BOOL_CONVERSION = YES;
				CLANG_WARN_COMMA = YES;
				CLANG_WARN_CONSTANT_CONVERSION = YES;
				CLANG_WARN_DEPRECATED_OBJC_IMPLEMENTATIONS = YES;
				CLANG_WARN_DIRECT_OBJC_ISA_USAGE = YES_ERROR;
				CLANG_WARN_DOCUMENTATION_COMMENTS = YES;
				CLANG_WARN_EMPTY_BODY = YES;
				CLANG_WARN_ENUM_CONVERSION = YES;
				CLANG_WARN_INFINITE_RECURSION = YES;
				CLANG_WARN_INT_CONVERSION = YES;
				CLANG_WARN_NON_LITERAL_NULL_CONVERSION = YES;
				CLANG_WARN_OBJC_IMPLICIT_RETAIN_SELF = YES;
				CLANG_WARN_OBJC_LITERAL_CONVERSION = YES;
				CLANG_WARN_OBJC_ROOT_CLASS = YES_ERROR;
				CLANG_WARN_RANGE_LOOP_ANALYSIS = YES;
				CLANG_WARN_STRICT_PROTOTYPES = YES;
				CLANG_WARN_SUSPICIOUS_MOVE = YES;
				CLANG_WARN_UNGUARDED_AVAILABILITY = YES_AGGRESSIVE;
				CLANG_WARN_UNREACHABLE_CODE = YES;
				CLANG_WARN__DUPLICATE_METHOD_MATCH = YES;
				CODE_SIGN_IDENTITY = "iPhone Developer";
				COPY_PHASE_STRIP = NO;
				DEBUG_INFORMATION_FORMAT = dwarf;
				ENABLE_STRICT_OBJC_MSGSEND = YES;
				ENABLE_TESTABILITY = YES;
				GCC_C_LANGUAGE_STANDARD = gnu11;
				GCC_DYNAMIC_NO_PIC = NO;
				GCC_NO_COMMON_BLOCKS = YES;
				GCC_OPTIMIZATION_LEVEL = 0;
				GCC_PREPROCESSOR_DEFINITIONS = (
					"DEBUG=1",
					"$(inherited)",
				);
				GCC_WARN_64_TO_32_BIT_CONVERSION = YES;
				GCC_WARN_ABOUT_RETURN_TYPE = YES_ERROR;
				GCC_WARN_UNDECLARED_SELECTOR = YES;
				GCC_WARN_UNINITIALIZED_AUTOS = YES_AGGRESSIVE;
				GCC_WARN_UNUSED_FUNCTION = YES;
				GCC_WARN_UNUSED_VARIABLE = YES;
				IPHONEOS_DEPLOYMENT_TARGET = 11.4;
				MTL_ENABLE_DEBUG_INFO = YES;
				ONLY_ACTIVE_ARCH = YES;
				SDKROOT = iphoneos;
			};
			name = Debug;
		};
		6CB2ECB4211464C9000370EF /* Release */ = {
			isa = XCBuildConfiguration;
			buildSettings = {
				ALWAYS_SEARCH_USER_PATHS = NO;
				CLANG_ANALYZER_NONNULL = YES;
				CLANG_ANALYZER_NUMBER_OBJECT_CONVERSION = YES_AGGRESSIVE;
				CLANG_CXX_LANGUAGE_STANDARD = "gnu++14";
				CLANG_CXX_LIBRARY = "libc++";
				CLANG_ENABLE_MODULES = YES;
				CLANG_ENABLE_OBJC_ARC = YES;
				CLANG_ENABLE_OBJC_WEAK = YES;
				CLANG_WARN_BLOCK_CAPTURE_AUTORELEASING = YES;
				CLANG_WARN_BOOL_CONVERSION = YES;
				CLANG_WARN_COMMA = YES;
				CLANG_WARN_CONSTANT_CONVERSION = YES;
				CLANG_WARN_DEPRECATED_OBJC_IMPLEMENTATIONS = YES;
				CLANG_WARN_DIRECT_OBJC_ISA_USAGE = YES_ERROR;
				CLANG_WARN_DOCUMENTATION_COMMENTS = YES;
				CLANG_WARN_EMPTY_BODY = YES;
				CLANG_WARN_ENUM_CONVERSION = YES;
				CLANG_WARN_INFINITE_RECURSION = YES;
				CLANG_WARN_INT_CONVERSION = YES;
				CLANG_WARN_NON_LITERAL_NULL_CONVERSION = YES;
				CLANG_WARN_OBJC_IMPLICIT_RETAIN_SELF = YES;
				CLANG_WARN_OBJC_LITERAL_CONVERSION = YES;
				CLANG_WARN_OBJC_ROOT_CLASS = YES_ERROR;
				CLANG_WARN_RANGE_LOOP_ANALYSIS = YES;
				CLANG_WARN_STRICT_PROTOTYPES = YES;
				CLANG_WARN_SUSPICIOUS_MOVE = YES;
				CLANG_WARN_UNGUARDED_AVAILABILITY = YES_AGGRESSIVE;
				CLANG_WARN_UNREACHABLE_CODE = YES;
				CLANG_WARN__DUPLICATE_METHOD_MATCH = YES;
				CODE_SIGN_IDENTITY = "iPhone Developer";
				COPY_PHASE_STRIP = NO;
				DEBUG_INFORMATION_FORMAT = "dwarf-with-dsym";
				ENABLE_NS_ASSERTIONS = NO;
				ENABLE_STRICT_OBJC_MSGSEND = YES;
				GCC_C_LANGUAGE_STANDARD = gnu11;
				GCC_NO_COMMON_BLOCKS = YES;
				GCC_WARN_64_TO_32_BIT_CONVERSION = YES;
				GCC_WARN_ABOUT_RETURN_TYPE = YES_ERROR;
				GCC_WARN_UNDECLARED_SELECTOR = YES;
				GCC_WARN_UNINITIALIZED_AUTOS = YES_AGGRESSIVE;
				GCC_WARN_UNUSED_FUNCTION = YES;
				GCC_WARN_UNUSED_VARIABLE = YES;
				IPHONEOS_DEPLOYMENT_TARGET = 11.4;
				MTL_ENABLE_DEBUG_INFO = NO;
				SDKROOT = iphoneos;
				VALIDATE_PRODUCT = YES;
			};
			name = Release;
		};
		6CB2ECB6211464C9000370EF /* Debug */ = {
			isa = XCBuildConfiguration;
			baseConfigurationReference = D8E24FAC404B76DA512BE856 /* Pods-MyPhoto.debug.xcconfig */;
			buildSettings = {
				ASSETCATALOG_COMPILER_APPICON_NAME = AppIcon;
				CLANG_ALLOW_NON_MODULAR_INCLUDES_IN_FRAMEWORK_MODULES = YES;
				CLANG_ENABLE_MODULES = YES;
				CODE_SIGN_IDENTITY = "iPhone Distribution";
				CODE_SIGN_STYLE = Manual;
				DEFINES_MODULE = YES;
				DEVELOPMENT_TEAM = UUR7J35L27;
				GCC_PRECOMPILE_PREFIX_HEADER = YES;
				GCC_PREFIX_HEADER = "$(SRCROOT)/MyPhoto/PrefixHeader.pch";
				INFOPLIST_FILE = MyPhoto/Info.plist;
				IPHONEOS_DEPLOYMENT_TARGET = 8.0;
				LD_RUNPATH_SEARCH_PATHS = (
					"$(inherited)",
					"@executable_path/Frameworks",
				);
				PRODUCT_BUNDLE_IDENTIFIER = com.jimubox.MyPhoto;
				PRODUCT_NAME = "$(TARGET_NAME)";
				PROVISIONING_PROFILE = "25da8a69-8430-4c91-82d6-f9a7259990d4";
				PROVISIONING_PROFILE_SPECIFIER = "jimubox*dist";
				SWIFT_OBJC_BRIDGING_HEADER = "MyPhoto/Views/MyPhoto-Bridging-Header.h";
				SWIFT_OPTIMIZATION_LEVEL = "-Onone";
				SWIFT_VERSION = 3.0;
				TARGETED_DEVICE_FAMILY = 1;
			};
			name = Debug;
		};
		6CB2ECB7211464C9000370EF /* Release */ = {
			isa = XCBuildConfiguration;
			baseConfigurationReference = EE8C3D247DCAB3AC3399A76B /* Pods-MyPhoto.release.xcconfig */;
			buildSettings = {
				ASSETCATALOG_COMPILER_APPICON_NAME = AppIcon;
				CLANG_ALLOW_NON_MODULAR_INCLUDES_IN_FRAMEWORK_MODULES = YES;
				CLANG_ENABLE_MODULES = YES;
				CODE_SIGN_IDENTITY = "iPhone Distribution";
				CODE_SIGN_STYLE = Manual;
				DEFINES_MODULE = YES;
				DEVELOPMENT_TEAM = UUR7J35L27;
				GCC_PRECOMPILE_PREFIX_HEADER = YES;
				GCC_PREFIX_HEADER = "$(SRCROOT)/MyPhoto/PrefixHeader.pch";
				INFOPLIST_FILE = MyPhoto/Info.plist;
				IPHONEOS_DEPLOYMENT_TARGET = 8.0;
				LD_RUNPATH_SEARCH_PATHS = (
					"$(inherited)",
					"@executable_path/Frameworks",
				);
				PRODUCT_BUNDLE_IDENTIFIER = com.jimubox.MyPhoto;
				PRODUCT_NAME = "$(TARGET_NAME)";
				PROVISIONING_PROFILE = "25da8a69-8430-4c91-82d6-f9a7259990d4";
				PROVISIONING_PROFILE_SPECIFIER = "jimubox*dist";
				SWIFT_OBJC_BRIDGING_HEADER = "MyPhoto/Views/MyPhoto-Bridging-Header.h";
				SWIFT_VERSION = 3.0;
				TARGETED_DEVICE_FAMILY = 1;
			};
			name = Release;
		};
/* End XCBuildConfiguration section */

/* Begin XCConfigurationList section */
		6CB2EC9A211464C7000370EF /* Build configuration list for PBXProject "MyPhoto" */ = {
			isa = XCConfigurationList;
			buildConfigurations = (
				6CB2ECB3211464C9000370EF /* Debug */,
				6CB2ECB4211464C9000370EF /* Release */,
			);
			defaultConfigurationIsVisible = 0;
			defaultConfigurationName = Release;
		};
		6CB2ECB5211464C9000370EF /* Build configuration list for PBXNativeTarget "MyPhoto" */ = {
			isa = XCConfigurationList;
			buildConfigurations = (
				6CB2ECB6211464C9000370EF /* Debug */,
				6CB2ECB7211464C9000370EF /* Release */,
			);
			defaultConfigurationIsVisible = 0;
			defaultConfigurationName = Release;
		};
/* End XCConfigurationList section */
	};
	rootObject = 6CB2EC97211464C7000370EF /* Project object */;
}
